// !$*UTF8*$!
{
	archiveVersion = 1;
	classes = {
	};
	objectVersion = 46;
	objects = {

/* Begin PBXBuildFile section */
		0007FAB1185037AA00FE8098 /* cell_weibo.png in Resources */ = {isa = PBXBuildFile; fileRef = 0007FAB0185037AA00FE8098 /* cell_weibo.png */; };
		0007FAB31850386000FE8098 /* cell_weibo1.png in Resources */ = {isa = PBXBuildFile; fileRef = 0007FAB21850386000FE8098 /* cell_weibo1.png */; };
		0007FAB518503BED00FE8098 /* postCell.png in Resources */ = {isa = PBXBuildFile; fileRef = 0007FAB418503BED00FE8098 /* postCell.png */; };
		00F479811851514300FDE0A8 /* shadow.png in Resources */ = {isa = PBXBuildFile; fileRef = 00F479801851514300FDE0A8 /* shadow.png */; };
		00F47983185164A900FDE0A8 /* camera.png in Resources */ = {isa = PBXBuildFile; fileRef = 00F47982185164A900FDE0A8 /* camera.png */; };
		00F47985185166A700FDE0A8 /* sideview.png in Resources */ = {isa = PBXBuildFile; fileRef = 00F47984185166A700FDE0A8 /* sideview.png */; };
		00F479871851674000FDE0A8 /* camera1.png in Resources */ = {isa = PBXBuildFile; fileRef = 00F479861851674000FDE0A8 /* camera1.png */; };
		00F4798918516ADC00FDE0A8 /* comment.png in Resources */ = {isa = PBXBuildFile; fileRef = 00F4798818516ADC00FDE0A8 /* comment.png */; };
		00F4798B18516C0100FDE0A8 /* comment1.png in Resources */ = {isa = PBXBuildFile; fileRef = 00F4798A18516C0100FDE0A8 /* comment1.png */; };
		180C67AF1827426A00747186 /* PosterCell.m in Sources */ = {isa = PBXBuildFile; fileRef = 180C67AE1827426A00747186 /* PosterCell.m */; };
		18170AFD18397F380033E4BC /* SelectPhotoViewController.m in Sources */ = {isa = PBXBuildFile; fileRef = 18170AFC18397F380033E4BC /* SelectPhotoViewController.m */; };
		181A3D7D1825CF19001B2781 /* FaceMe_logo_large.png in Resources */ = {isa = PBXBuildFile; fileRef = 181A3D7C1825CF19001B2781 /* FaceMe_logo_large.png */; };
		181A3D831825D83E001B2781 /* MenuViewController.m in Sources */ = {isa = PBXBuildFile; fileRef = 181A3D821825D83E001B2781 /* MenuViewController.m */; };
		181A3D861825D8C1001B2781 /* CharaterSelectionViewController.m in Sources */ = {isa = PBXBuildFile; fileRef = 181A3D851825D8C1001B2781 /* CharaterSelectionViewController.m */; };
		181A3D891825D945001B2781 /* PosterSelectionViewController.m in Sources */ = {isa = PBXBuildFile; fileRef = 181A3D881825D945001B2781 /* PosterSelectionViewController.m */; };
		181E93D5183B0FA6001F3071 /* check7.png in Resources */ = {isa = PBXBuildFile; fileRef = 181E93D2183B0FA6001F3071 /* check7.png */; };
		181E93D7183B0FA6001F3071 /* person9.png in Resources */ = {isa = PBXBuildFile; fileRef = 181E93D4183B0FA6001F3071 /* person9.png */; };
		181E93DD183B1152001F3071 /* bust.png in Resources */ = {isa = PBXBuildFile; fileRef = 181E93DC183B1152001F3071 /* bust.png */; };
		181E93DF183B1241001F3071 /* machine2.png in Resources */ = {isa = PBXBuildFile; fileRef = 181E93DE183B1241001F3071 /* machine2.png */; };
		181E93E1183B12AB001F3071 /* people5.png in Resources */ = {isa = PBXBuildFile; fileRef = 181E93E0183B12AB001F3071 /* people5.png */; };
		181E93E3183B1325001F3071 /* people6.png in Resources */ = {isa = PBXBuildFile; fileRef = 181E93E2183B1325001F3071 /* people6.png */; };
		181E93E6183B144E001F3071 /* close13.png in Resources */ = {isa = PBXBuildFile; fileRef = 181E93E4183B144E001F3071 /* close13.png */; };
		181E93E7183B144E001F3071 /* online5 copy.png in Resources */ = {isa = PBXBuildFile; fileRef = 181E93E5183B144E001F3071 /* online5 copy.png */; };
		18390601182D8B5900D1A367 /* NewFeedCell.m in Sources */ = {isa = PBXBuildFile; fileRef = 18390600182D8B5900D1A367 /* NewFeedCell.m */; };
		183B640B18447C37009CA666 /* PosterEntity.m in Sources */ = {isa = PBXBuildFile; fileRef = 183B640A18447C37009CA666 /* PosterEntity.m */; };
		1846A97618369C8200C4796C /* IntroductionViewController.m in Sources */ = {isa = PBXBuildFile; fileRef = 1846A97518369C8200C4796C /* IntroductionViewController.m */; };
		1846A97918369D4000C4796C /* IntroChildViewController.m in Sources */ = {isa = PBXBuildFile; fileRef = 1846A97818369D4000C4796C /* IntroChildViewController.m */; };
		1846A98D183719F700C4796C /* gatech2.jpg in Resources */ = {isa = PBXBuildFile; fileRef = 1846A98A183719F700C4796C /* gatech2.jpg */; };
		1846A99018371AF500C4796C /* gatech3.jpg in Resources */ = {isa = PBXBuildFile; fileRef = 1846A98F18371AF400C4796C /* gatech3.jpg */; };
		1846A99218371C7A00C4796C /* gatech1.jpg in Resources */ = {isa = PBXBuildFile; fileRef = 1846A99118371C7A00C4796C /* gatech1.jpg */; };
		1846A997183720F700C4796C /* gatech4.jpg in Resources */ = {isa = PBXBuildFile; fileRef = 1846A993183720F700C4796C /* gatech4.jpg */; };
		1846A998183720F700C4796C /* gatech5.jpg in Resources */ = {isa = PBXBuildFile; fileRef = 1846A994183720F700C4796C /* gatech5.jpg */; };
		1846A999183720F700C4796C /* gatech6.jpg in Resources */ = {isa = PBXBuildFile; fileRef = 1846A995183720F700C4796C /* gatech6.jpg */; };
		1846A99A183720F700C4796C /* gatech7.jpg in Resources */ = {isa = PBXBuildFile; fileRef = 1846A996183720F700C4796C /* gatech7.jpg */; };
		1846A99C1837224800C4796C /* gatech8.jpg in Resources */ = {isa = PBXBuildFile; fileRef = 1846A99B1837224800C4796C /* gatech8.jpg */; };
		184A9C3C182F411900DE3647 /* Main_iPhone.storyboard in Resources */ = {isa = PBXBuildFile; fileRef = 184A9C3B182F411900DE3647 /* Main_iPhone.storyboard */; };
		185054BA1843F66300300E5F /* profileBackground.png in Resources */ = {isa = PBXBuildFile; fileRef = 185054B91843F66300300E5F /* profileBackground.png */; };
		185054BC1843F9BA00300E5F /* profileBackground_lines.png in Resources */ = {isa = PBXBuildFile; fileRef = 185054BB1843F9BA00300E5F /* profileBackground_lines.png */; };
		185054BE1843FFE500300E5F /* cell.png in Resources */ = {isa = PBXBuildFile; fileRef = 185054BD1843FFE500300E5F /* cell.png */; };
		185054C01844017B00300E5F /* cell_yellow.png in Resources */ = {isa = PBXBuildFile; fileRef = 185054BF1844017B00300E5F /* cell_yellow.png */; };
		185054C4184403B600300E5F /* newcell.png in Resources */ = {isa = PBXBuildFile; fileRef = 185054C3184403B600300E5F /* newcell.png */; };
		1851B6A218459C88001D660F /* CharacterFace.m in Sources */ = {isa = PBXBuildFile; fileRef = 1851B6A118459C88001D660F /* CharacterFace.m */; };
		18554305183F099B00AA45E5 /* CommentViewController.m in Sources */ = {isa = PBXBuildFile; fileRef = 18554304183F099B00AA45E5 /* CommentViewController.m */; };
		18554308183F259300AA45E5 /* ProfileViewController.m in Sources */ = {isa = PBXBuildFile; fileRef = 18554307183F259300AA45E5 /* ProfileViewController.m */; };
		1855430C183F495A00AA45E5 /* cellBackground.png in Resources */ = {isa = PBXBuildFile; fileRef = 1855430B183F495A00AA45E5 /* cellBackground.png */; };
		1855430E183F4B8400AA45E5 /* navbar_bg.png in Resources */ = {isa = PBXBuildFile; fileRef = 1855430D183F4B8400AA45E5 /* navbar_bg.png */; };
		1858C23E1835597800F8B85E /* ShareViewController.m in Sources */ = {isa = PBXBuildFile; fileRef = 1858C23D1835597800F8B85E /* ShareViewController.m */; };
		1858C2851836056B00F8B85E /* Social.framework in Frameworks */ = {isa = PBXBuildFile; fileRef = 1858C2841836056B00F8B85E /* Social.framework */; };
		18C9F5AC1827619100ADBEC4 /* SinglePoster.m in Sources */ = {isa = PBXBuildFile; fileRef = 18C9F5AB1827619100ADBEC4 /* SinglePoster.m */; };
		18C9F5B018277C4600ADBEC4 /* cell_bottom@2x.png in Resources */ = {isa = PBXBuildFile; fileRef = 18C9F5AD18277C4600ADBEC4 /* cell_bottom@2x.png */; };
		18C9F5B118277C4600ADBEC4 /* cell_middle@2x.png in Resources */ = {isa = PBXBuildFile; fileRef = 18C9F5AE18277C4600ADBEC4 /* cell_middle@2x.png */; };
		18C9F5B218277C4600ADBEC4 /* common_bg.png in Resources */ = {isa = PBXBuildFile; fileRef = 18C9F5AF18277C4600ADBEC4 /* common_bg.png */; };
		18C9F5B418277D8400ADBEC4 /* cell_top@2x.png in Resources */ = {isa = PBXBuildFile; fileRef = 18C9F5B318277D8400ADBEC4 /* cell_top@2x.png */; };
		18C9F5BA1827845300ADBEC4 /* navbar_bg@2x_1.png in Resources */ = {isa = PBXBuildFile; fileRef = 18C9F5B91827845300ADBEC4 /* navbar_bg@2x_1.png */; };
		18C9F5BE182796E800ADBEC4 /* buttonBack1.png in Resources */ = {isa = PBXBuildFile; fileRef = 18C9F5BD182796E800ADBEC4 /* buttonBack1.png */; };
		18E1C5BC1841684600599B07 /* ImageRoundCorner.m in Sources */ = {isa = PBXBuildFile; fileRef = 18E1C5BB1841684600599B07 /* ImageRoundCorner.m */; };
		18E1C5BE1841728900599B07 /* QuartzCore.framework in Frameworks */ = {isa = PBXBuildFile; fileRef = 18E1C5BD1841728900599B07 /* QuartzCore.framework */; };
		18E4F88718382D3000D21A80 /* gatech9.jpg in Resources */ = {isa = PBXBuildFile; fileRef = 18E4F88618382D3000D21A80 /* gatech9.jpg */; };
		207944E017FA254F00D4882F /* Foundation.framework in Frameworks */ = {isa = PBXBuildFile; fileRef = 207944DF17FA254F00D4882F /* Foundation.framework */; };
		207944E217FA254F00D4882F /* CoreGraphics.framework in Frameworks */ = {isa = PBXBuildFile; fileRef = 207944E117FA254F00D4882F /* CoreGraphics.framework */; };
		207944E417FA254F00D4882F /* UIKit.framework in Frameworks */ = {isa = PBXBuildFile; fileRef = 207944E317FA254F00D4882F /* UIKit.framework */; };
		207944EA17FA254F00D4882F /* InfoPlist.strings in Resources */ = {isa = PBXBuildFile; fileRef = 207944E817FA254F00D4882F /* InfoPlist.strings */; };
		207944EC17FA254F00D4882F /* main.m in Sources */ = {isa = PBXBuildFile; fileRef = 207944EB17FA254F00D4882F /* main.m */; };
		207944F017FA254F00D4882F /* AppDelegate.m in Sources */ = {isa = PBXBuildFile; fileRef = 207944EF17FA254F00D4882F /* AppDelegate.m */; };
		207944F617FA254F00D4882F /* Main_iPad.storyboard in Resources */ = {isa = PBXBuildFile; fileRef = 207944F417FA254F00D4882F /* Main_iPad.storyboard */; };
		207944F917FA254F00D4882F /* MainViewController.m in Sources */ = {isa = PBXBuildFile; fileRef = 207944F817FA254F00D4882F /* MainViewController.m */; };
		207944FB17FA254F00D4882F /* Images.xcassets in Resources */ = {isa = PBXBuildFile; fileRef = 207944FA17FA254F00D4882F /* Images.xcassets */; };
		2079450217FA254F00D4882F /* XCTest.framework in Frameworks */ = {isa = PBXBuildFile; fileRef = 2079450117FA254F00D4882F /* XCTest.framework */; };
		2079450317FA254F00D4882F /* Foundation.framework in Frameworks */ = {isa = PBXBuildFile; fileRef = 207944DF17FA254F00D4882F /* Foundation.framework */; };
		2079450417FA254F00D4882F /* UIKit.framework in Frameworks */ = {isa = PBXBuildFile; fileRef = 207944E317FA254F00D4882F /* UIKit.framework */; };
		2079450C17FA254F00D4882F /* InfoPlist.strings in Resources */ = {isa = PBXBuildFile; fileRef = 2079450A17FA254F00D4882F /* InfoPlist.strings */; };
		2079450E17FA254F00D4882F /* FaceMe_iOSTests.m in Sources */ = {isa = PBXBuildFile; fileRef = 2079450D17FA254F00D4882F /* FaceMe_iOSTests.m */; };
		20828ECB1851734F0078F894 /* FacebookSDK.framework in Frameworks */ = {isa = PBXBuildFile; fileRef = 20828ECA1851734E0078F894 /* FacebookSDK.framework */; };
		20828EF218518EA50078F894 /* CoreMedia.framework in Frameworks */ = {isa = PBXBuildFile; fileRef = 20828EF118518EA50078F894 /* CoreMedia.framework */; };
		20828EF418518EAC0078F894 /* CoreImage.framework in Frameworks */ = {isa = PBXBuildFile; fileRef = 20828EF318518EAC0078F894 /* CoreImage.framework */; };
		20828EF618518EB50078F894 /* AssetsLibrary.framework in Frameworks */ = {isa = PBXBuildFile; fileRef = 20828EF518518EB50078F894 /* AssetsLibrary.framework */; };
		20828EF818518ED30078F894 /* AVFoundation.framework in Frameworks */ = {isa = PBXBuildFile; fileRef = 20828EF718518ED30078F894 /* AVFoundation.framework */; };
		20828EFA18518EDB0078F894 /* OpenGLES.framework in Frameworks */ = {isa = PBXBuildFile; fileRef = 20828EF918518EDB0078F894 /* OpenGLES.framework */; };
		20828F00185191740078F894 /* opencv2.framework in Frameworks */ = {isa = PBXBuildFile; fileRef = 20828EFF185191740078F894 /* opencv2.framework */; };
		20828F031851AAC30078F894 /* cvneon.cpp in Sources */ = {isa = PBXBuildFile; fileRef = 20828F011851AAC30078F894 /* cvneon.cpp */; };
		20828F041851AAC30078F894 /* Globals.cpp in Sources */ = {isa = PBXBuildFile; fileRef = 20828F021851AAC30078F894 /* Globals.cpp */; };
		20828F0C1851AB040078F894 /* DummyVideoSource.mm in Sources */ = {isa = PBXBuildFile; fileRef = 20828F061851AB040078F894 /* DummyVideoSource.mm */; };
		20828F0D1851AB040078F894 /* FPSCalculator.mm in Sources */ = {isa = PBXBuildFile; fileRef = 20828F081851AB040078F894 /* FPSCalculator.mm */; };
		20828F0E1851AB040078F894 /* GLESImageView.mm in Sources */ = {isa = PBXBuildFile; fileRef = 20828F0A1851AB040078F894 /* GLESImageView.mm */; };
		20828F171851AB250078F894 /* NSString+StdString.mm in Sources */ = {isa = PBXBuildFile; fileRef = 20828F101851AB250078F894 /* NSString+StdString.mm */; };
		20828F181851AB250078F894 /* UIImage2OpenCV.mm in Sources */ = {isa = PBXBuildFile; fileRef = 20828F121851AB250078F894 /* UIImage2OpenCV.mm */; };
		20828F191851AB250078F894 /* VideoSource.mm in Sources */ = {isa = PBXBuildFile; fileRef = 20828F141851AB250078F894 /* VideoSource.mm */; };
		20828F1A1851AB250078F894 /* CameraViewController.mm in Sources */ = {isa = PBXBuildFile; fileRef = 20828F161851AB250078F894 /* CameraViewController.mm */; };
		20828F281851F2760078F894 /* address.png in Resources */ = {isa = PBXBuildFile; fileRef = 20828F1B1851F2760078F894 /* address.png */; };
		20828F291851F2760078F894 /* appLogin.png in Resources */ = {isa = PBXBuildFile; fileRef = 20828F1C1851F2760078F894 /* appLogin.png */; };
		20828F2A1851F2760078F894 /* buttonLogin.png in Resources */ = {isa = PBXBuildFile; fileRef = 20828F1D1851F2760078F894 /* buttonLogin.png */; };
		20828F2B1851F2760078F894 /* email.png in Resources */ = {isa = PBXBuildFile; fileRef = 20828F1E1851F2760078F894 /* email.png */; };
		20828F2C1851F2760078F894 /* facebookLogin.png in Resources */ = {isa = PBXBuildFile; fileRef = 20828F1F1851F2760078F894 /* facebookLogin.png */; };
		20828F2D1851F2760078F894 /* facebookupload.png in Resources */ = {isa = PBXBuildFile; fileRef = 20828F201851F2760078F894 /* facebookupload.png */; };
		20828F2E1851F2760078F894 /* game.png in Resources */ = {isa = PBXBuildFile; fileRef = 20828F211851F2760078F894 /* game.png */; };
		20828F2F1851F2760078F894 /* heart.png in Resources */ = {isa = PBXBuildFile; fileRef = 20828F221851F2760078F894 /* heart.png */; };
		20828F301851F2760078F894 /* icon1.png in Resources */ = {isa = PBXBuildFile; fileRef = 20828F231851F2760078F894 /* icon1.png */; };
		20828F311851F2760078F894 /* icon2.png in Resources */ = {isa = PBXBuildFile; fileRef = 20828F241851F2760078F894 /* icon2.png */; };
		20828F321851F2760078F894 /* icon3.png in Resources */ = {isa = PBXBuildFile; fileRef = 20828F251851F2760078F894 /* icon3.png */; };
		20828F331851F2760078F894 /* introBack.png in Resources */ = {isa = PBXBuildFile; fileRef = 20828F261851F2760078F894 /* introBack.png */; };
		20828F341851F2760078F894 /* loginBackground.png in Resources */ = {isa = PBXBuildFile; fileRef = 20828F271851F2760078F894 /* loginBackground.png */; };
		20828F371851F2840078F894 /* LoginViewController.m in Sources */ = {isa = PBXBuildFile; fileRef = 20828F361851F2840078F894 /* LoginViewController.m */; };
		20828F3D1851F2910078F894 /* number.png in Resources */ = {isa = PBXBuildFile; fileRef = 20828F381851F2910078F894 /* number.png */; };
		20828F3E1851F2910078F894 /* textFields.png in Resources */ = {isa = PBXBuildFile; fileRef = 20828F391851F2910078F894 /* textFields.png */; };
		20828F3F1851F2910078F894 /* trophy.png in Resources */ = {isa = PBXBuildFile; fileRef = 20828F3A1851F2910078F894 /* trophy.png */; };
		20828F401851F2910078F894 /* trophy1.png in Resources */ = {isa = PBXBuildFile; fileRef = 20828F3B1851F2910078F894 /* trophy1.png */; };
		20828F411851F2910078F894 /* upload.png in Resources */ = {isa = PBXBuildFile; fileRef = 20828F3C1851F2910078F894 /* upload.png */; };
		20828F441851F29D0078F894 /* UserProfile.m in Sources */ = {isa = PBXBuildFile; fileRef = 20828F431851F29D0078F894 /* UserProfile.m */; };
		889E1BA0184C2420005438F1 /* NewsFeedEntity.m in Sources */ = {isa = PBXBuildFile; fileRef = 889E1B9F184C2420005438F1 /* NewsFeedEntity.m */; };
		889E1BA3184C306A005438F1 /* UserFaceEntity.m in Sources */ = {isa = PBXBuildFile; fileRef = 889E1BA2184C306A005438F1 /* UserFaceEntity.m */; };
/* End PBXBuildFile section */

/* Begin PBXContainerItemProxy section */
		2079450517FA254F00D4882F /* PBXContainerItemProxy */ = {
			isa = PBXContainerItemProxy;
			containerPortal = 207944D417FA254F00D4882F /* Project object */;
			proxyType = 1;
			remoteGlobalIDString = 207944DB17FA254F00D4882F;
			remoteInfo = FaceMe_iOS;
		};
/* End PBXContainerItemProxy section */

/* Begin PBXFileReference section */
		0007FAB0185037AA00FE8098 /* cell_weibo.png */ = {isa = PBXFileReference; lastKnownFileType = image.png; path = cell_weibo.png; sourceTree = "<group>"; };
		0007FAB21850386000FE8098 /* cell_weibo1.png */ = {isa = PBXFileReference; lastKnownFileType = image.png; path = cell_weibo1.png; sourceTree = "<group>"; };
		0007FAB418503BED00FE8098 /* postCell.png */ = {isa = PBXFileReference; lastKnownFileType = image.png; path = postCell.png; sourceTree = "<group>"; };
		00F479801851514300FDE0A8 /* shadow.png */ = {isa = PBXFileReference; lastKnownFileType = image.png; path = shadow.png; sourceTree = "<group>"; };
		00F47982185164A900FDE0A8 /* camera.png */ = {isa = PBXFileReference; lastKnownFileType = image.png; path = camera.png; sourceTree = "<group>"; };
		00F47984185166A700FDE0A8 /* sideview.png */ = {isa = PBXFileReference; lastKnownFileType = image.png; path = sideview.png; sourceTree = "<group>"; };
		00F479861851674000FDE0A8 /* camera1.png */ = {isa = PBXFileReference; lastKnownFileType = image.png; path = camera1.png; sourceTree = "<group>"; };
		00F4798818516ADC00FDE0A8 /* comment.png */ = {isa = PBXFileReference; lastKnownFileType = image.png; path = comment.png; sourceTree = "<group>"; };
		00F4798A18516C0100FDE0A8 /* comment1.png */ = {isa = PBXFileReference; lastKnownFileType = image.png; path = comment1.png; sourceTree = "<group>"; };
		180C67AD1827426A00747186 /* PosterCell.h */ = {isa = PBXFileReference; fileEncoding = 4; lastKnownFileType = sourcecode.c.h; path = PosterCell.h; sourceTree = "<group>"; };
		180C67AE1827426A00747186 /* PosterCell.m */ = {isa = PBXFileReference; fileEncoding = 4; lastKnownFileType = sourcecode.c.objc; path = PosterCell.m; sourceTree = "<group>"; };
		18170AFB18397F380033E4BC /* SelectPhotoViewController.h */ = {isa = PBXFileReference; fileEncoding = 4; lastKnownFileType = sourcecode.c.h; path = SelectPhotoViewController.h; sourceTree = "<group>"; };
		18170AFC18397F380033E4BC /* SelectPhotoViewController.m */ = {isa = PBXFileReference; fileEncoding = 4; lastKnownFileType = sourcecode.c.objc; path = SelectPhotoViewController.m; sourceTree = "<group>"; };
		181A3D7C1825CF19001B2781 /* FaceMe_logo_large.png */ = {isa = PBXFileReference; lastKnownFileType = image.png; path = FaceMe_logo_large.png; sourceTree = "<group>"; };
		181A3D811825D83E001B2781 /* MenuViewController.h */ = {isa = PBXFileReference; fileEncoding = 4; lastKnownFileType = sourcecode.c.h; path = MenuViewController.h; sourceTree = "<group>"; };
		181A3D821825D83E001B2781 /* MenuViewController.m */ = {isa = PBXFileReference; fileEncoding = 4; lastKnownFileType = sourcecode.c.objc; path = MenuViewController.m; sourceTree = "<group>"; };
		181A3D841825D8C1001B2781 /* CharaterSelectionViewController.h */ = {isa = PBXFileReference; fileEncoding = 4; lastKnownFileType = sourcecode.c.h; path = CharaterSelectionViewController.h; sourceTree = "<group>"; };
		181A3D851825D8C1001B2781 /* CharaterSelectionViewController.m */ = {isa = PBXFileReference; fileEncoding = 4; lastKnownFileType = sourcecode.c.objc; path = CharaterSelectionViewController.m; sourceTree = "<group>"; };
		181A3D871825D945001B2781 /* PosterSelectionViewController.h */ = {isa = PBXFileReference; fileEncoding = 4; lastKnownFileType = sourcecode.c.h; path = PosterSelectionViewController.h; sourceTree = "<group>"; };
		181A3D881825D945001B2781 /* PosterSelectionViewController.m */ = {isa = PBXFileReference; fileEncoding = 4; lastKnownFileType = sourcecode.c.objc; path = PosterSelectionViewController.m; sourceTree = "<group>"; };
		181E93D2183B0FA6001F3071 /* check7.png */ = {isa = PBXFileReference; lastKnownFileType = image.png; path = check7.png; sourceTree = "<group>"; };
		181E93D4183B0FA6001F3071 /* person9.png */ = {isa = PBXFileReference; lastKnownFileType = image.png; path = person9.png; sourceTree = "<group>"; };
		181E93DC183B1152001F3071 /* bust.png */ = {isa = PBXFileReference; lastKnownFileType = image.png; path = bust.png; sourceTree = "<group>"; };
		181E93DE183B1241001F3071 /* machine2.png */ = {isa = PBXFileReference; lastKnownFileType = image.png; path = machine2.png; sourceTree = "<group>"; };
		181E93E0183B12AB001F3071 /* people5.png */ = {isa = PBXFileReference; lastKnownFileType = image.png; path = people5.png; sourceTree = "<group>"; };
		181E93E2183B1325001F3071 /* people6.png */ = {isa = PBXFileReference; lastKnownFileType = image.png; path = people6.png; sourceTree = "<group>"; };
		181E93E4183B144E001F3071 /* close13.png */ = {isa = PBXFileReference; lastKnownFileType = image.png; path = close13.png; sourceTree = "<group>"; };
		181E93E5183B144E001F3071 /* online5 copy.png */ = {isa = PBXFileReference; lastKnownFileType = image.png; path = "online5 copy.png"; sourceTree = "<group>"; };
		183905FF182D8B5900D1A367 /* NewFeedCell.h */ = {isa = PBXFileReference; fileEncoding = 4; lastKnownFileType = sourcecode.c.h; name = NewFeedCell.h; path = ../NewFeedCell.h; sourceTree = "<group>"; };
		18390600182D8B5900D1A367 /* NewFeedCell.m */ = {isa = PBXFileReference; fileEncoding = 4; lastKnownFileType = sourcecode.c.objc; name = NewFeedCell.m; path = ../NewFeedCell.m; sourceTree = "<group>"; };
		183B640918447C37009CA666 /* PosterEntity.h */ = {isa = PBXFileReference; fileEncoding = 4; lastKnownFileType = sourcecode.c.h; path = PosterEntity.h; sourceTree = "<group>"; };
		183B640A18447C37009CA666 /* PosterEntity.m */ = {isa = PBXFileReference; fileEncoding = 4; lastKnownFileType = sourcecode.c.objc; path = PosterEntity.m; sourceTree = "<group>"; };
		1846A97418369C8200C4796C /* IntroductionViewController.h */ = {isa = PBXFileReference; fileEncoding = 4; lastKnownFileType = sourcecode.c.h; path = IntroductionViewController.h; sourceTree = "<group>"; };
		1846A97518369C8200C4796C /* IntroductionViewController.m */ = {isa = PBXFileReference; fileEncoding = 4; lastKnownFileType = sourcecode.c.objc; path = IntroductionViewController.m; sourceTree = "<group>"; };
		1846A97718369D4000C4796C /* IntroChildViewController.h */ = {isa = PBXFileReference; fileEncoding = 4; lastKnownFileType = sourcecode.c.h; path = IntroChildViewController.h; sourceTree = "<group>"; };
		1846A97818369D4000C4796C /* IntroChildViewController.m */ = {isa = PBXFileReference; fileEncoding = 4; lastKnownFileType = sourcecode.c.objc; path = IntroChildViewController.m; sourceTree = "<group>"; };
		1846A98A183719F700C4796C /* gatech2.jpg */ = {isa = PBXFileReference; lastKnownFileType = image.jpeg; path = gatech2.jpg; sourceTree = "<group>"; };
		1846A98F18371AF400C4796C /* gatech3.jpg */ = {isa = PBXFileReference; lastKnownFileType = image.jpeg; path = gatech3.jpg; sourceTree = "<group>"; };
		1846A99118371C7A00C4796C /* gatech1.jpg */ = {isa = PBXFileReference; lastKnownFileType = image.jpeg; path = gatech1.jpg; sourceTree = "<group>"; };
		1846A993183720F700C4796C /* gatech4.jpg */ = {isa = PBXFileReference; lastKnownFileType = image.jpeg; path = gatech4.jpg; sourceTree = "<group>"; };
		1846A994183720F700C4796C /* gatech5.jpg */ = {isa = PBXFileReference; lastKnownFileType = image.jpeg; path = gatech5.jpg; sourceTree = "<group>"; };
		1846A995183720F700C4796C /* gatech6.jpg */ = {isa = PBXFileReference; lastKnownFileType = image.jpeg; path = gatech6.jpg; sourceTree = "<group>"; };
		1846A996183720F700C4796C /* gatech7.jpg */ = {isa = PBXFileReference; lastKnownFileType = image.jpeg; path = gatech7.jpg; sourceTree = "<group>"; };
		1846A99B1837224800C4796C /* gatech8.jpg */ = {isa = PBXFileReference; lastKnownFileType = image.jpeg; path = gatech8.jpg; sourceTree = "<group>"; };
		184A9C3B182F411900DE3647 /* Main_iPhone.storyboard */ = {isa = PBXFileReference; fileEncoding = 4; lastKnownFileType = file.storyboard; path = Main_iPhone.storyboard; sourceTree = "<group>"; };
		185054B91843F66300300E5F /* profileBackground.png */ = {isa = PBXFileReference; lastKnownFileType = image.png; path = profileBackground.png; sourceTree = "<group>"; };
		185054BB1843F9BA00300E5F /* profileBackground_lines.png */ = {isa = PBXFileReference; lastKnownFileType = image.png; path = profileBackground_lines.png; sourceTree = "<group>"; };
		185054BD1843FFE500300E5F /* cell.png */ = {isa = PBXFileReference; lastKnownFileType = image.png; path = cell.png; sourceTree = "<group>"; };
		185054BF1844017B00300E5F /* cell_yellow.png */ = {isa = PBXFileReference; lastKnownFileType = image.png; path = cell_yellow.png; sourceTree = "<group>"; };
		185054C3184403B600300E5F /* newcell.png */ = {isa = PBXFileReference; lastKnownFileType = image.png; path = newcell.png; sourceTree = "<group>"; };
		1851B6A018459C88001D660F /* CharacterFace.h */ = {isa = PBXFileReference; fileEncoding = 4; lastKnownFileType = sourcecode.c.h; path = CharacterFace.h; sourceTree = "<group>"; };
		1851B6A118459C88001D660F /* CharacterFace.m */ = {isa = PBXFileReference; fileEncoding = 4; lastKnownFileType = sourcecode.c.objc; path = CharacterFace.m; sourceTree = "<group>"; };
		18554303183F099B00AA45E5 /* CommentViewController.h */ = {isa = PBXFileReference; fileEncoding = 4; lastKnownFileType = sourcecode.c.h; path = CommentViewController.h; sourceTree = "<group>"; };
		18554304183F099B00AA45E5 /* CommentViewController.m */ = {isa = PBXFileReference; fileEncoding = 4; lastKnownFileType = sourcecode.c.objc; path = CommentViewController.m; sourceTree = "<group>"; };
		18554306183F259300AA45E5 /* ProfileViewController.h */ = {isa = PBXFileReference; fileEncoding = 4; lastKnownFileType = sourcecode.c.h; path = ProfileViewController.h; sourceTree = "<group>"; };
		18554307183F259300AA45E5 /* ProfileViewController.m */ = {isa = PBXFileReference; fileEncoding = 4; lastKnownFileType = sourcecode.c.objc; path = ProfileViewController.m; sourceTree = "<group>"; };
		1855430B183F495A00AA45E5 /* cellBackground.png */ = {isa = PBXFileReference; lastKnownFileType = image.png; path = cellBackground.png; sourceTree = "<group>"; };
		1855430D183F4B8400AA45E5 /* navbar_bg.png */ = {isa = PBXFileReference; lastKnownFileType = image.png; path = navbar_bg.png; sourceTree = "<group>"; };
		1858C23C1835597800F8B85E /* ShareViewController.h */ = {isa = PBXFileReference; fileEncoding = 4; lastKnownFileType = sourcecode.c.h; path = ShareViewController.h; sourceTree = "<group>"; };
		1858C23D1835597800F8B85E /* ShareViewController.m */ = {isa = PBXFileReference; fileEncoding = 4; lastKnownFileType = sourcecode.c.objc; path = ShareViewController.m; sourceTree = "<group>"; };
		1858C2841836056B00F8B85E /* Social.framework */ = {isa = PBXFileReference; lastKnownFileType = wrapper.framework; name = Social.framework; path = System/Library/Frameworks/Social.framework; sourceTree = SDKROOT; };
		18C9F5AA1827619100ADBEC4 /* SinglePoster.h */ = {isa = PBXFileReference; fileEncoding = 4; lastKnownFileType = sourcecode.c.h; path = SinglePoster.h; sourceTree = "<group>"; };
		18C9F5AB1827619100ADBEC4 /* SinglePoster.m */ = {isa = PBXFileReference; fileEncoding = 4; lastKnownFileType = sourcecode.c.objc; path = SinglePoster.m; sourceTree = "<group>"; };
		18C9F5AD18277C4600ADBEC4 /* cell_bottom@2x.png */ = {isa = PBXFileReference; lastKnownFileType = image.png; path = "cell_bottom@2x.png"; sourceTree = "<group>"; };
		18C9F5AE18277C4600ADBEC4 /* cell_middle@2x.png */ = {isa = PBXFileReference; lastKnownFileType = image.png; path = "cell_middle@2x.png"; sourceTree = "<group>"; };
		18C9F5AF18277C4600ADBEC4 /* common_bg.png */ = {isa = PBXFileReference; lastKnownFileType = image.png; path = common_bg.png; sourceTree = "<group>"; };
		18C9F5B318277D8400ADBEC4 /* cell_top@2x.png */ = {isa = PBXFileReference; lastKnownFileType = image.png; path = "cell_top@2x.png"; sourceTree = "<group>"; };
		18C9F5B91827845300ADBEC4 /* navbar_bg@2x_1.png */ = {isa = PBXFileReference; lastKnownFileType = image.png; path = "navbar_bg@2x_1.png"; sourceTree = "<group>"; };
		18C9F5BD182796E800ADBEC4 /* buttonBack1.png */ = {isa = PBXFileReference; lastKnownFileType = image.png; path = buttonBack1.png; sourceTree = "<group>"; };
		18E1C5BA1841684600599B07 /* ImageRoundCorner.h */ = {isa = PBXFileReference; fileEncoding = 4; lastKnownFileType = sourcecode.c.h; path = ImageRoundCorner.h; sourceTree = "<group>"; };
		18E1C5BB1841684600599B07 /* ImageRoundCorner.m */ = {isa = PBXFileReference; fileEncoding = 4; lastKnownFileType = sourcecode.c.objc; path = ImageRoundCorner.m; sourceTree = "<group>"; };
		18E1C5BD1841728900599B07 /* QuartzCore.framework */ = {isa = PBXFileReference; lastKnownFileType = wrapper.framework; name = QuartzCore.framework; path = System/Library/Frameworks/QuartzCore.framework; sourceTree = SDKROOT; };
		18E4F88618382D3000D21A80 /* gatech9.jpg */ = {isa = PBXFileReference; lastKnownFileType = image.jpeg; path = gatech9.jpg; sourceTree = "<group>"; };
		207944DC17FA254F00D4882F /* FaceMe_iOS.app */ = {isa = PBXFileReference; explicitFileType = wrapper.application; includeInIndex = 0; path = FaceMe_iOS.app; sourceTree = BUILT_PRODUCTS_DIR; };
		207944DF17FA254F00D4882F /* Foundation.framework */ = {isa = PBXFileReference; lastKnownFileType = wrapper.framework; name = Foundation.framework; path = System/Library/Frameworks/Foundation.framework; sourceTree = SDKROOT; };
		207944E117FA254F00D4882F /* CoreGraphics.framework */ = {isa = PBXFileReference; lastKnownFileType = wrapper.framework; name = CoreGraphics.framework; path = System/Library/Frameworks/CoreGraphics.framework; sourceTree = SDKROOT; };
		207944E317FA254F00D4882F /* UIKit.framework */ = {isa = PBXFileReference; lastKnownFileType = wrapper.framework; name = UIKit.framework; path = System/Library/Frameworks/UIKit.framework; sourceTree = SDKROOT; };
		207944E717FA254F00D4882F /* FaceMe_iOS-Info.plist */ = {isa = PBXFileReference; lastKnownFileType = text.plist.xml; path = "FaceMe_iOS-Info.plist"; sourceTree = "<group>"; };
		207944E917FA254F00D4882F /* en */ = {isa = PBXFileReference; lastKnownFileType = text.plist.strings; name = en; path = en.lproj/InfoPlist.strings; sourceTree = "<group>"; };
		207944EB17FA254F00D4882F /* main.m */ = {isa = PBXFileReference; lastKnownFileType = sourcecode.c.objc; path = main.m; sourceTree = "<group>"; };
		207944ED17FA254F00D4882F /* FaceMe_iOS-Prefix.pch */ = {isa = PBXFileReference; lastKnownFileType = sourcecode.c.h; path = "FaceMe_iOS-Prefix.pch"; sourceTree = "<group>"; };
		207944EE17FA254F00D4882F /* AppDelegate.h */ = {isa = PBXFileReference; lastKnownFileType = sourcecode.c.h; path = AppDelegate.h; sourceTree = "<group>"; };
		207944EF17FA254F00D4882F /* AppDelegate.m */ = {isa = PBXFileReference; lastKnownFileType = sourcecode.c.objc; path = AppDelegate.m; sourceTree = "<group>"; };
		207944F517FA254F00D4882F /* Base */ = {isa = PBXFileReference; lastKnownFileType = file.storyboard; name = Base; path = Base.lproj/Main_iPad.storyboard; sourceTree = "<group>"; };
		207944F717FA254F00D4882F /* MainViewController.h */ = {isa = PBXFileReference; lastKnownFileType = sourcecode.c.h; path = MainViewController.h; sourceTree = "<group>"; };
		207944F817FA254F00D4882F /* MainViewController.m */ = {isa = PBXFileReference; lastKnownFileType = sourcecode.c.objc; path = MainViewController.m; sourceTree = "<group>"; };
		207944FA17FA254F00D4882F /* Images.xcassets */ = {isa = PBXFileReference; lastKnownFileType = folder.assetcatalog; path = Images.xcassets; sourceTree = "<group>"; };
		2079450017FA254F00D4882F /* FaceMe_iOSTests.xctest */ = {isa = PBXFileReference; explicitFileType = wrapper.cfbundle; includeInIndex = 0; path = FaceMe_iOSTests.xctest; sourceTree = BUILT_PRODUCTS_DIR; };
		2079450117FA254F00D4882F /* XCTest.framework */ = {isa = PBXFileReference; lastKnownFileType = wrapper.framework; name = XCTest.framework; path = Library/Frameworks/XCTest.framework; sourceTree = DEVELOPER_DIR; };
		2079450917FA254F00D4882F /* FaceMe_iOSTests-Info.plist */ = {isa = PBXFileReference; lastKnownFileType = text.plist.xml; path = "FaceMe_iOSTests-Info.plist"; sourceTree = "<group>"; };
		2079450B17FA254F00D4882F /* en */ = {isa = PBXFileReference; lastKnownFileType = text.plist.strings; name = en; path = en.lproj/InfoPlist.strings; sourceTree = "<group>"; };
		2079450D17FA254F00D4882F /* FaceMe_iOSTests.m */ = {isa = PBXFileReference; lastKnownFileType = sourcecode.c.objc; path = FaceMe_iOSTests.m; sourceTree = "<group>"; };
		20828ECA1851734E0078F894 /* FacebookSDK.framework */ = {isa = PBXFileReference; lastKnownFileType = wrapper.framework; path = FacebookSDK.framework; sourceTree = "<group>"; };
		20828EF118518EA50078F894 /* CoreMedia.framework */ = {isa = PBXFileReference; lastKnownFileType = wrapper.framework; name = CoreMedia.framework; path = System/Library/Frameworks/CoreMedia.framework; sourceTree = SDKROOT; };
		20828EF318518EAC0078F894 /* CoreImage.framework */ = {isa = PBXFileReference; lastKnownFileType = wrapper.framework; name = CoreImage.framework; path = System/Library/Frameworks/CoreImage.framework; sourceTree = SDKROOT; };
		20828EF518518EB50078F894 /* AssetsLibrary.framework */ = {isa = PBXFileReference; lastKnownFileType = wrapper.framework; name = AssetsLibrary.framework; path = System/Library/Frameworks/AssetsLibrary.framework; sourceTree = SDKROOT; };
		20828EF718518ED30078F894 /* AVFoundation.framework */ = {isa = PBXFileReference; lastKnownFileType = wrapper.framework; name = AVFoundation.framework; path = System/Library/Frameworks/AVFoundation.framework; sourceTree = SDKROOT; };
		20828EF918518EDB0078F894 /* OpenGLES.framework */ = {isa = PBXFileReference; lastKnownFileType = wrapper.framework; name = OpenGLES.framework; path = System/Library/Frameworks/OpenGLES.framework; sourceTree = SDKROOT; };
		20828EFF185191740078F894 /* opencv2.framework */ = {isa = PBXFileReference; lastKnownFileType = wrapper.framework; path = opencv2.framework; sourceTree = "<group>"; };
		20828F011851AAC30078F894 /* cvneon.cpp */ = {isa = PBXFileReference; fileEncoding = 4; lastKnownFileType = sourcecode.cpp.cpp; path = cvneon.cpp; sourceTree = "<group>"; };
		20828F021851AAC30078F894 /* Globals.cpp */ = {isa = PBXFileReference; fileEncoding = 4; lastKnownFileType = sourcecode.cpp.cpp; path = Globals.cpp; sourceTree = "<group>"; };
		20828F051851AB040078F894 /* cvneon.h */ = {isa = PBXFileReference; fileEncoding = 4; lastKnownFileType = sourcecode.c.h; path = cvneon.h; sourceTree = "<group>"; };
		20828F061851AB040078F894 /* DummyVideoSource.mm */ = {isa = PBXFileReference; fileEncoding = 4; lastKnownFileType = sourcecode.cpp.objcpp; path = DummyVideoSource.mm; sourceTree = "<group>"; };
		20828F071851AB040078F894 /* FPSCalculator.h */ = {isa = PBXFileReference; fileEncoding = 4; lastKnownFileType = sourcecode.c.h; path = FPSCalculator.h; sourceTree = "<group>"; };
		20828F081851AB040078F894 /* FPSCalculator.mm */ = {isa = PBXFileReference; fileEncoding = 4; lastKnownFileType = sourcecode.cpp.objcpp; path = FPSCalculator.mm; sourceTree = "<group>"; };
		20828F091851AB040078F894 /* GLESImageView.h */ = {isa = PBXFileReference; fileEncoding = 4; lastKnownFileType = sourcecode.c.h; path = GLESImageView.h; sourceTree = "<group>"; };
		20828F0A1851AB040078F894 /* GLESImageView.mm */ = {isa = PBXFileReference; fileEncoding = 4; lastKnownFileType = sourcecode.cpp.objcpp; path = GLESImageView.mm; sourceTree = "<group>"; };
		20828F0B1851AB040078F894 /* Globals.h */ = {isa = PBXFileReference; fileEncoding = 4; lastKnownFileType = sourcecode.c.h; path = Globals.h; sourceTree = "<group>"; };
		20828F0F1851AB250078F894 /* NSString+StdString.h */ = {isa = PBXFileReference; fileEncoding = 4; lastKnownFileType = sourcecode.c.h; path = "NSString+StdString.h"; sourceTree = "<group>"; };
		20828F101851AB250078F894 /* NSString+StdString.mm */ = {isa = PBXFileReference; fileEncoding = 4; lastKnownFileType = sourcecode.cpp.objcpp; path = "NSString+StdString.mm"; sourceTree = "<group>"; };
		20828F111851AB250078F894 /* UIImage2OpenCV.h */ = {isa = PBXFileReference; fileEncoding = 4; lastKnownFileType = sourcecode.c.h; path = UIImage2OpenCV.h; sourceTree = "<group>"; };
		20828F121851AB250078F894 /* UIImage2OpenCV.mm */ = {isa = PBXFileReference; fileEncoding = 4; lastKnownFileType = sourcecode.cpp.objcpp; path = UIImage2OpenCV.mm; sourceTree = "<group>"; };
		20828F131851AB250078F894 /* VideoSource.h */ = {isa = PBXFileReference; fileEncoding = 4; lastKnownFileType = sourcecode.c.h; path = VideoSource.h; sourceTree = "<group>"; };
		20828F141851AB250078F894 /* VideoSource.mm */ = {isa = PBXFileReference; fileEncoding = 4; lastKnownFileType = sourcecode.cpp.objcpp; path = VideoSource.mm; sourceTree = "<group>"; };
		20828F151851AB250078F894 /* CameraViewController.h */ = {isa = PBXFileReference; fileEncoding = 4; lastKnownFileType = sourcecode.c.h; path = CameraViewController.h; sourceTree = "<group>"; };
		20828F161851AB250078F894 /* CameraViewController.mm */ = {isa = PBXFileReference; fileEncoding = 4; lastKnownFileType = sourcecode.cpp.objcpp; path = CameraViewController.mm; sourceTree = "<group>"; };
		20828F1B1851F2760078F894 /* address.png */ = {isa = PBXFileReference; lastKnownFileType = image.png; path = address.png; sourceTree = "<group>"; };
		20828F1C1851F2760078F894 /* appLogin.png */ = {isa = PBXFileReference; lastKnownFileType = image.png; path = appLogin.png; sourceTree = "<group>"; };
		20828F1D1851F2760078F894 /* buttonLogin.png */ = {isa = PBXFileReference; lastKnownFileType = image.png; path = buttonLogin.png; sourceTree = "<group>"; };
		20828F1E1851F2760078F894 /* email.png */ = {isa = PBXFileReference; lastKnownFileType = image.png; path = email.png; sourceTree = "<group>"; };
		20828F1F1851F2760078F894 /* facebookLogin.png */ = {isa = PBXFileReference; lastKnownFileType = image.png; path = facebookLogin.png; sourceTree = "<group>"; };
		20828F201851F2760078F894 /* facebookupload.png */ = {isa = PBXFileReference; lastKnownFileType = image.png; path = facebookupload.png; sourceTree = "<group>"; };
		20828F211851F2760078F894 /* game.png */ = {isa = PBXFileReference; lastKnownFileType = image.png; path = game.png; sourceTree = "<group>"; };
		20828F221851F2760078F894 /* heart.png */ = {isa = PBXFileReference; lastKnownFileType = image.png; path = heart.png; sourceTree = "<group>"; };
		20828F231851F2760078F894 /* icon1.png */ = {isa = PBXFileReference; lastKnownFileType = image.png; path = icon1.png; sourceTree = "<group>"; };
		20828F241851F2760078F894 /* icon2.png */ = {isa = PBXFileReference; lastKnownFileType = image.png; path = icon2.png; sourceTree = "<group>"; };
		20828F251851F2760078F894 /* icon3.png */ = {isa = PBXFileReference; lastKnownFileType = image.png; path = icon3.png; sourceTree = "<group>"; };
		20828F261851F2760078F894 /* introBack.png */ = {isa = PBXFileReference; lastKnownFileType = image.png; path = introBack.png; sourceTree = "<group>"; };
		20828F271851F2760078F894 /* loginBackground.png */ = {isa = PBXFileReference; lastKnownFileType = image.png; path = loginBackground.png; sourceTree = "<group>"; };
		20828F351851F2840078F894 /* LoginViewController.h */ = {isa = PBXFileReference; fileEncoding = 4; lastKnownFileType = sourcecode.c.h; path = LoginViewController.h; sourceTree = "<group>"; };
		20828F361851F2840078F894 /* LoginViewController.m */ = {isa = PBXFileReference; fileEncoding = 4; lastKnownFileType = sourcecode.c.objc; path = LoginViewController.m; sourceTree = "<group>"; };
		20828F381851F2910078F894 /* number.png */ = {isa = PBXFileReference; lastKnownFileType = image.png; path = number.png; sourceTree = "<group>"; };
		20828F391851F2910078F894 /* textFields.png */ = {isa = PBXFileReference; lastKnownFileType = image.png; path = textFields.png; sourceTree = "<group>"; };
		20828F3A1851F2910078F894 /* trophy.png */ = {isa = PBXFileReference; lastKnownFileType = image.png; path = trophy.png; sourceTree = "<group>"; };
		20828F3B1851F2910078F894 /* trophy1.png */ = {isa = PBXFileReference; lastKnownFileType = image.png; path = trophy1.png; sourceTree = "<group>"; };
		20828F3C1851F2910078F894 /* upload.png */ = {isa = PBXFileReference; lastKnownFileType = image.png; path = upload.png; sourceTree = "<group>"; };
		20828F421851F29D0078F894 /* UserProfile.h */ = {isa = PBXFileReference; fileEncoding = 4; lastKnownFileType = sourcecode.c.h; path = UserProfile.h; sourceTree = "<group>"; };
		20828F431851F29D0078F894 /* UserProfile.m */ = {isa = PBXFileReference; fileEncoding = 4; lastKnownFileType = sourcecode.c.objc; path = UserProfile.m; sourceTree = "<group>"; };
		889E1B9E184C2420005438F1 /* NewsFeedEntity.h */ = {isa = PBXFileReference; fileEncoding = 4; lastKnownFileType = sourcecode.c.h; path = NewsFeedEntity.h; sourceTree = "<group>"; };
		889E1B9F184C2420005438F1 /* NewsFeedEntity.m */ = {isa = PBXFileReference; fileEncoding = 4; lastKnownFileType = sourcecode.c.objc; path = NewsFeedEntity.m; sourceTree = "<group>"; };
		889E1BA1184C306A005438F1 /* UserFaceEntity.h */ = {isa = PBXFileReference; fileEncoding = 4; lastKnownFileType = sourcecode.c.h; name = UserFaceEntity.h; path = ../UserFaceEntity.h; sourceTree = "<group>"; };
		889E1BA2184C306A005438F1 /* UserFaceEntity.m */ = {isa = PBXFileReference; fileEncoding = 4; lastKnownFileType = sourcecode.c.objc; name = UserFaceEntity.m; path = ../UserFaceEntity.m; sourceTree = "<group>"; };
/* End PBXFileReference section */

/* Begin PBXFrameworksBuildPhase section */
		207944D917FA254F00D4882F /* Frameworks */ = {
			isa = PBXFrameworksBuildPhase;
			buildActionMask = 2147483647;
			files = (
				20828EFA18518EDB0078F894 /* OpenGLES.framework in Frameworks */,
				20828EF818518ED30078F894 /* AVFoundation.framework in Frameworks */,
				207944E217FA254F00D4882F /* CoreGraphics.framework in Frameworks */,
				20828EF618518EB50078F894 /* AssetsLibrary.framework in Frameworks */,
				20828EF418518EAC0078F894 /* CoreImage.framework in Frameworks */,
				20828EF218518EA50078F894 /* CoreMedia.framework in Frameworks */,
				20828F00185191740078F894 /* opencv2.framework in Frameworks */,
				18E1C5BE1841728900599B07 /* QuartzCore.framework in Frameworks */,
				1858C2851836056B00F8B85E /* Social.framework in Frameworks */,
				207944E017FA254F00D4882F /* Foundation.framework in Frameworks */,
				20828ECB1851734F0078F894 /* FacebookSDK.framework in Frameworks */,
				207944E417FA254F00D4882F /* UIKit.framework in Frameworks */,
			);
			runOnlyForDeploymentPostprocessing = 0;
		};
		207944FD17FA254F00D4882F /* Frameworks */ = {
			isa = PBXFrameworksBuildPhase;
			buildActionMask = 2147483647;
			files = (
				2079450217FA254F00D4882F /* XCTest.framework in Frameworks */,
				2079450417FA254F00D4882F /* UIKit.framework in Frameworks */,
				2079450317FA254F00D4882F /* Foundation.framework in Frameworks */,
			);
			runOnlyForDeploymentPostprocessing = 0;
		};
/* End PBXFrameworksBuildPhase section */

/* Begin PBXGroup section */
		207944D317FA254F00D4882F = {
			isa = PBXGroup;
			children = (
				207944E517FA254F00D4882F /* FaceMe_iOS */,
				2079450717FA254F00D4882F /* FaceMe_iOSTests */,
				207944DE17FA254F00D4882F /* Frameworks */,
				207944DD17FA254F00D4882F /* Products */,
			);
			sourceTree = "<group>";
		};
		207944DD17FA254F00D4882F /* Products */ = {
			isa = PBXGroup;
			children = (
				207944DC17FA254F00D4882F /* FaceMe_iOS.app */,
				2079450017FA254F00D4882F /* FaceMe_iOSTests.xctest */,
			);
			name = Products;
			sourceTree = "<group>";
		};
		207944DE17FA254F00D4882F /* Frameworks */ = {
			isa = PBXGroup;
			children = (
				20828EFF185191740078F894 /* opencv2.framework */,
				20828EF918518EDB0078F894 /* OpenGLES.framework */,
				20828EF718518ED30078F894 /* AVFoundation.framework */,
				20828EF518518EB50078F894 /* AssetsLibrary.framework */,
				20828EF318518EAC0078F894 /* CoreImage.framework */,
				20828EF118518EA50078F894 /* CoreMedia.framework */,
				20828ECA1851734E0078F894 /* FacebookSDK.framework */,
				18E1C5BD1841728900599B07 /* QuartzCore.framework */,
				1858C2841836056B00F8B85E /* Social.framework */,
				207944DF17FA254F00D4882F /* Foundation.framework */,
				207944E117FA254F00D4882F /* CoreGraphics.framework */,
				207944E317FA254F00D4882F /* UIKit.framework */,
				2079450117FA254F00D4882F /* XCTest.framework */,
			);
			name = Frameworks;
			sourceTree = "<group>";
		};
		207944E517FA254F00D4882F /* FaceMe_iOS */ = {
			isa = PBXGroup;
			children = (
				20828ECD185174160078F894 /* Controller */,
				20828ECC185173E20078F894 /* DataModel */,
				207944EE17FA254F00D4882F /* AppDelegate.h */,
				207944EF17FA254F00D4882F /* AppDelegate.m */,
				184A9C3B182F411900DE3647 /* Main_iPhone.storyboard */,
				1858C23C1835597800F8B85E /* ShareViewController.h */,
				1858C23D1835597800F8B85E /* ShareViewController.m */,
				18C9F5AA1827619100ADBEC4 /* SinglePoster.h */,
				18C9F5AB1827619100ADBEC4 /* SinglePoster.m */,
				207944F417FA254F00D4882F /* Main_iPad.storyboard */,
				207944F717FA254F00D4882F /* MainViewController.h */,
				207944F817FA254F00D4882F /* MainViewController.m */,
				18E1C5BA1841684600599B07 /* ImageRoundCorner.h */,
				18E1C5BB1841684600599B07 /* ImageRoundCorner.m */,
				207944FA17FA254F00D4882F /* Images.xcassets */,
				207944E617FA254F00D4882F /* Supporting Files */,
			);
			path = FaceMe_iOS;
			sourceTree = "<group>";
		};
		207944E617FA254F00D4882F /* Supporting Files */ = {
			isa = PBXGroup;
			children = (
				20828ED3185176AC0078F894 /* Images */,
				207944E717FA254F00D4882F /* FaceMe_iOS-Info.plist */,
				207944E817FA254F00D4882F /* InfoPlist.strings */,
				207944EB17FA254F00D4882F /* main.m */,
				207944ED17FA254F00D4882F /* FaceMe_iOS-Prefix.pch */,
			);
			name = "Supporting Files";
			sourceTree = "<group>";
		};
		2079450717FA254F00D4882F /* FaceMe_iOSTests */ = {
			isa = PBXGroup;
			children = (
				2079450D17FA254F00D4882F /* FaceMe_iOSTests.m */,
				2079450817FA254F00D4882F /* Supporting Files */,
			);
			path = FaceMe_iOSTests;
			sourceTree = "<group>";
		};
		2079450817FA254F00D4882F /* Supporting Files */ = {
			isa = PBXGroup;
			children = (
				2079450917FA254F00D4882F /* FaceMe_iOSTests-Info.plist */,
				2079450A17FA254F00D4882F /* InfoPlist.strings */,
			);
			name = "Supporting Files";
			sourceTree = "<group>";
		};
		20828ECC185173E20078F894 /* DataModel */ = {
			isa = PBXGroup;
			children = (
				889E1B9E184C2420005438F1 /* NewsFeedEntity.h */,
				889E1B9F184C2420005438F1 /* NewsFeedEntity.m */,
				183B640918447C37009CA666 /* PosterEntity.h */,
				183B640A18447C37009CA666 /* PosterEntity.m */,
				1851B6A018459C88001D660F /* CharacterFace.h */,
				1851B6A118459C88001D660F /* CharacterFace.m */,
				889E1BA1184C306A005438F1 /* UserFaceEntity.h */,
				889E1BA2184C306A005438F1 /* UserFaceEntity.m */,
			);
			name = DataModel;
			sourceTree = "<group>";
		};
		20828ECD185174160078F894 /* Controller */ = {
			isa = PBXGroup;
			children = (
				20828F421851F29D0078F894 /* UserProfile.h */,
				20828F431851F29D0078F894 /* UserProfile.m */,
				20828F351851F2840078F894 /* LoginViewController.h */,
				20828F361851F2840078F894 /* LoginViewController.m */,
				20828ED418518B1A0078F894 /* OpenCV */,
				20828ED21851754E0078F894 /* UserProfile */,
				20828ED1185175350078F894 /* Introduction */,
				20828ED0185175190078F894 /* Play */,
				20828ECF185174D80078F894 /* NewsFeed */,
				20828ECE185174260078F894 /* PlayWithPoster */,
			);
			name = Controller;
			sourceTree = "<group>";
		};
		20828ECE185174260078F894 /* PlayWithPoster */ = {
			isa = PBXGroup;
			children = (
				18170AFB18397F380033E4BC /* SelectPhotoViewController.h */,
				18170AFC18397F380033E4BC /* SelectPhotoViewController.m */,
				181A3D871825D945001B2781 /* PosterSelectionViewController.h */,
				181A3D881825D945001B2781 /* PosterSelectionViewController.m */,
				180C67AD1827426A00747186 /* PosterCell.h */,
				180C67AE1827426A00747186 /* PosterCell.m */,
			);
			name = PlayWithPoster;
			sourceTree = "<group>";
		};
		20828ECF185174D80078F894 /* NewsFeed */ = {
			isa = PBXGroup;
			children = (
				183905FF182D8B5900D1A367 /* NewFeedCell.h */,
				18554303183F099B00AA45E5 /* CommentViewController.h */,
				18554304183F099B00AA45E5 /* CommentViewController.m */,
				18390600182D8B5900D1A367 /* NewFeedCell.m */,
				181A3D811825D83E001B2781 /* MenuViewController.h */,
				181A3D821825D83E001B2781 /* MenuViewController.m */,
			);
			name = NewsFeed;
			sourceTree = "<group>";
		};
		20828ED0185175190078F894 /* Play */ = {
			isa = PBXGroup;
			children = (
				181A3D841825D8C1001B2781 /* CharaterSelectionViewController.h */,
				181A3D851825D8C1001B2781 /* CharaterSelectionViewController.m */,
			);
			name = Play;
			sourceTree = "<group>";
		};
		20828ED1185175350078F894 /* Introduction */ = {
			isa = PBXGroup;
			children = (
				1846A97718369D4000C4796C /* IntroChildViewController.h */,
				1846A97818369D4000C4796C /* IntroChildViewController.m */,
				1846A97418369C8200C4796C /* IntroductionViewController.h */,
				1846A97518369C8200C4796C /* IntroductionViewController.m */,
			);
			name = Introduction;
			sourceTree = "<group>";
		};
		20828ED21851754E0078F894 /* UserProfile */ = {
			isa = PBXGroup;
			children = (
				18554306183F259300AA45E5 /* ProfileViewController.h */,
				18554307183F259300AA45E5 /* ProfileViewController.m */,
			);
			name = UserProfile;
			sourceTree = "<group>";
		};
		20828ED3185176AC0078F894 /* Images */ = {
			isa = PBXGroup;
			children = (
				20828F381851F2910078F894 /* number.png */,
				20828F391851F2910078F894 /* textFields.png */,
				20828F3A1851F2910078F894 /* trophy.png */,
				20828F3B1851F2910078F894 /* trophy1.png */,
				20828F3C1851F2910078F894 /* upload.png */,
				20828F1B1851F2760078F894 /* address.png */,
				20828F1C1851F2760078F894 /* appLogin.png */,
				20828F1D1851F2760078F894 /* buttonLogin.png */,
				20828F1E1851F2760078F894 /* email.png */,
				20828F1F1851F2760078F894 /* facebookLogin.png */,
				20828F201851F2760078F894 /* facebookupload.png */,
				20828F211851F2760078F894 /* game.png */,
				20828F221851F2760078F894 /* heart.png */,
				20828F231851F2760078F894 /* icon1.png */,
				20828F241851F2760078F894 /* icon2.png */,
				20828F251851F2760078F894 /* icon3.png */,
				20828F261851F2760078F894 /* introBack.png */,
				20828F271851F2760078F894 /* loginBackground.png */,
				00F4798A18516C0100FDE0A8 /* comment1.png */,
				00F4798818516ADC00FDE0A8 /* comment.png */,
				0007FAB21850386000FE8098 /* cell_weibo1.png */,
				00F47984185166A700FDE0A8 /* sideview.png */,
				0007FAB0185037AA00FE8098 /* cell_weibo.png */,
				185054BF1844017B00300E5F /* cell_yellow.png */,
				1855430B183F495A00AA45E5 /* cellBackground.png */,
				185054BD1843FFE500300E5F /* cell.png */,
				185054C3184403B600300E5F /* newcell.png */,
				185054BB1843F9BA00300E5F /* profileBackground_lines.png */,
				181E93DC183B1152001F3071 /* bust.png */,
				181E93E0183B12AB001F3071 /* people5.png */,
				181E93E4183B144E001F3071 /* close13.png */,
				0007FAB418503BED00FE8098 /* postCell.png */,
				00F479861851674000FDE0A8 /* camera1.png */,
				185054B91843F66300300E5F /* profileBackground.png */,
				181E93E5183B144E001F3071 /* online5 copy.png */,
				181E93DE183B1241001F3071 /* machine2.png */,
				181E93E2183B1325001F3071 /* people6.png */,
				1855430D183F4B8400AA45E5 /* navbar_bg.png */,
				181E93D2183B0FA6001F3071 /* check7.png */,
				00F47982185164A900FDE0A8 /* camera.png */,
				181E93D4183B0FA6001F3071 /* person9.png */,
				18E4F88618382D3000D21A80 /* gatech9.jpg */,
				1846A99B1837224800C4796C /* gatech8.jpg */,
				1846A993183720F700C4796C /* gatech4.jpg */,
				1846A994183720F700C4796C /* gatech5.jpg */,
				1846A995183720F700C4796C /* gatech6.jpg */,
				1846A996183720F700C4796C /* gatech7.jpg */,
				1846A99118371C7A00C4796C /* gatech1.jpg */,
				1846A98F18371AF400C4796C /* gatech3.jpg */,
				1846A98A183719F700C4796C /* gatech2.jpg */,
				18C9F5BD182796E800ADBEC4 /* buttonBack1.png */,
				18C9F5B91827845300ADBEC4 /* navbar_bg@2x_1.png */,
				00F479801851514300FDE0A8 /* shadow.png */,
				18C9F5B318277D8400ADBEC4 /* cell_top@2x.png */,
				18C9F5AD18277C4600ADBEC4 /* cell_bottom@2x.png */,
				18C9F5AE18277C4600ADBEC4 /* cell_middle@2x.png */,
				18C9F5AF18277C4600ADBEC4 /* common_bg.png */,
				181A3D7C1825CF19001B2781 /* FaceMe_logo_large.png */,
			);
			name = Images;
			sourceTree = "<group>";
		};
		20828ED418518B1A0078F894 /* OpenCV */ = {
			isa = PBXGroup;
			children = (
				20828F0F1851AB250078F894 /* NSString+StdString.h */,
				20828F101851AB250078F894 /* NSString+StdString.mm */,
				20828F111851AB250078F894 /* UIImage2OpenCV.h */,
				20828F121851AB250078F894 /* UIImage2OpenCV.mm */,
				20828F131851AB250078F894 /* VideoSource.h */,
				20828F141851AB250078F894 /* VideoSource.mm */,
				20828F151851AB250078F894 /* CameraViewController.h */,
				20828F161851AB250078F894 /* CameraViewController.mm */,
				20828F051851AB040078F894 /* cvneon.h */,
				20828F061851AB040078F894 /* DummyVideoSource.mm */,
				20828F071851AB040078F894 /* FPSCalculator.h */,
				20828F081851AB040078F894 /* FPSCalculator.mm */,
				20828F091851AB040078F894 /* GLESImageView.h */,
				20828F0A1851AB040078F894 /* GLESImageView.mm */,
				20828F0B1851AB040078F894 /* Globals.h */,
				20828F011851AAC30078F894 /* cvneon.cpp */,
				20828F021851AAC30078F894 /* Globals.cpp */,
			);
			name = OpenCV;
			sourceTree = "<group>";
		};
/* End PBXGroup section */

/* Begin PBXNativeTarget section */
		207944DB17FA254F00D4882F /* FaceMe_iOS */ = {
			isa = PBXNativeTarget;
			buildConfigurationList = 2079451117FA254F00D4882F /* Build configuration list for PBXNativeTarget "FaceMe_iOS" */;
			buildPhases = (
				207944D817FA254F00D4882F /* Sources */,
				207944D917FA254F00D4882F /* Frameworks */,
				207944DA17FA254F00D4882F /* Resources */,
			);
			buildRules = (
			);
			dependencies = (
			);
			name = FaceMe_iOS;
			productName = FaceMe_iOS;
			productReference = 207944DC17FA254F00D4882F /* FaceMe_iOS.app */;
			productType = "com.apple.product-type.application";
		};
		207944FF17FA254F00D4882F /* FaceMe_iOSTests */ = {
			isa = PBXNativeTarget;
			buildConfigurationList = 2079451417FA254F00D4882F /* Build configuration list for PBXNativeTarget "FaceMe_iOSTests" */;
			buildPhases = (
				207944FC17FA254F00D4882F /* Sources */,
				207944FD17FA254F00D4882F /* Frameworks */,
				207944FE17FA254F00D4882F /* Resources */,
			);
			buildRules = (
			);
			dependencies = (
				2079450617FA254F00D4882F /* PBXTargetDependency */,
			);
			name = FaceMe_iOSTests;
			productName = FaceMe_iOSTests;
			productReference = 2079450017FA254F00D4882F /* FaceMe_iOSTests.xctest */;
			productType = "com.apple.product-type.bundle.unit-test";
		};
/* End PBXNativeTarget section */

/* Begin PBXProject section */
		207944D417FA254F00D4882F /* Project object */ = {
			isa = PBXProject;
			attributes = {
				LastUpgradeCheck = 0500;
				ORGANIZATIONNAME = "Bo Pang";
				TargetAttributes = {
					207944FF17FA254F00D4882F = {
						TestTargetID = 207944DB17FA254F00D4882F;
					};
				};
			};
			buildConfigurationList = 207944D717FA254F00D4882F /* Build configuration list for PBXProject "FaceMe_iOS" */;
			compatibilityVersion = "Xcode 3.2";
			developmentRegion = English;
			hasScannedForEncodings = 0;
			knownRegions = (
				en,
				Base,
			);
			mainGroup = 207944D317FA254F00D4882F;
			productRefGroup = 207944DD17FA254F00D4882F /* Products */;
			projectDirPath = "";
			projectRoot = "";
			targets = (
				207944DB17FA254F00D4882F /* FaceMe_iOS */,
				207944FF17FA254F00D4882F /* FaceMe_iOSTests */,
			);
		};
/* End PBXProject section */

/* Begin PBXResourcesBuildPhase section */
		207944DA17FA254F00D4882F /* Resources */ = {
			isa = PBXResourcesBuildPhase;
			buildActionMask = 2147483647;
			files = (
				1846A999183720F700C4796C /* gatech6.jpg in Resources */,
				207944F617FA254F00D4882F /* Main_iPad.storyboard in Resources */,
				18C9F5B218277C4600ADBEC4 /* common_bg.png in Resources */,
				18C9F5B418277D8400ADBEC4 /* cell_top@2x.png in Resources */,
				181E93E6183B144E001F3071 /* close13.png in Resources */,
				1855430C183F495A00AA45E5 /* cellBackground.png in Resources */,
				18C9F5B018277C4600ADBEC4 /* cell_bottom@2x.png in Resources */,
				185054C01844017B00300E5F /* cell_yellow.png in Resources */,
				181E93D7183B0FA6001F3071 /* person9.png in Resources */,
				1855430E183F4B8400AA45E5 /* navbar_bg.png in Resources */,
				18C9F5BE182796E800ADBEC4 /* buttonBack1.png in Resources */,
				20828F401851F2910078F894 /* trophy1.png in Resources */,
				181E93E7183B144E001F3071 /* online5 copy.png in Resources */,
				181A3D7D1825CF19001B2781 /* FaceMe_logo_large.png in Resources */,
				20828F2C1851F2760078F894 /* facebookLogin.png in Resources */,
				00F47985185166A700FDE0A8 /* sideview.png in Resources */,
				181E93E3183B1325001F3071 /* people6.png in Resources */,
				00F47983185164A900FDE0A8 /* camera.png in Resources */,
				20828F311851F2760078F894 /* icon2.png in Resources */,
				20828F341851F2760078F894 /* loginBackground.png in Resources */,
				0007FAB31850386000FE8098 /* cell_weibo1.png in Resources */,
				00F4798918516ADC00FDE0A8 /* comment.png in Resources */,
				0007FAB518503BED00FE8098 /* postCell.png in Resources */,
				20828F2F1851F2760078F894 /* heart.png in Resources */,
				20828F301851F2760078F894 /* icon1.png in Resources */,
				20828F2D1851F2760078F894 /* facebookupload.png in Resources */,
				0007FAB1185037AA00FE8098 /* cell_weibo.png in Resources */,
				20828F2B1851F2760078F894 /* email.png in Resources */,
				1846A99218371C7A00C4796C /* gatech1.jpg in Resources */,
				185054C4184403B600300E5F /* newcell.png in Resources */,
				18C9F5B118277C4600ADBEC4 /* cell_middle@2x.png in Resources */,
				207944FB17FA254F00D4882F /* Images.xcassets in Resources */,
				20828F411851F2910078F894 /* upload.png in Resources */,
				20828F3F1851F2910078F894 /* trophy.png in Resources */,
				1846A98D183719F700C4796C /* gatech2.jpg in Resources */,
				20828F291851F2760078F894 /* appLogin.png in Resources */,
				1846A997183720F700C4796C /* gatech4.jpg in Resources */,
				00F479811851514300FDE0A8 /* shadow.png in Resources */,
				181E93D5183B0FA6001F3071 /* check7.png in Resources */,
				1846A99A183720F700C4796C /* gatech7.jpg in Resources */,
				1846A99018371AF500C4796C /* gatech3.jpg in Resources */,
				1846A99C1837224800C4796C /* gatech8.jpg in Resources */,
				18E4F88718382D3000D21A80 /* gatech9.jpg in Resources */,
				20828F3E1851F2910078F894 /* textFields.png in Resources */,
				20828F321851F2760078F894 /* icon3.png in Resources */,
				184A9C3C182F411900DE3647 /* Main_iPhone.storyboard in Resources */,
				20828F3D1851F2910078F894 /* number.png in Resources */,
				185054BA1843F66300300E5F /* profileBackground.png in Resources */,
				185054BC1843F9BA00300E5F /* profileBackground_lines.png in Resources */,
				00F4798B18516C0100FDE0A8 /* comment1.png in Resources */,
				00F479871851674000FDE0A8 /* camera1.png in Resources */,
				20828F2E1851F2760078F894 /* game.png in Resources */,
				20828F281851F2760078F894 /* address.png in Resources */,
				18C9F5BA1827845300ADBEC4 /* navbar_bg@2x_1.png in Resources */,
				181E93DD183B1152001F3071 /* bust.png in Resources */,
				181E93DF183B1241001F3071 /* machine2.png in Resources */,
				185054BE1843FFE500300E5F /* cell.png in Resources */,
				1846A998183720F700C4796C /* gatech5.jpg in Resources */,
				181E93E1183B12AB001F3071 /* people5.png in Resources */,
				20828F331851F2760078F894 /* introBack.png in Resources */,
				207944EA17FA254F00D4882F /* InfoPlist.strings in Resources */,
				20828F2A1851F2760078F894 /* buttonLogin.png in Resources */,
			);
			runOnlyForDeploymentPostprocessing = 0;
		};
		207944FE17FA254F00D4882F /* Resources */ = {
			isa = PBXResourcesBuildPhase;
			buildActionMask = 2147483647;
			files = (
				2079450C17FA254F00D4882F /* InfoPlist.strings in Resources */,
			);
			runOnlyForDeploymentPostprocessing = 0;
		};
/* End PBXResourcesBuildPhase section */

/* Begin PBXSourcesBuildPhase section */
		207944D817FA254F00D4882F /* Sources */ = {
			isa = PBXSourcesBuildPhase;
			buildActionMask = 2147483647;
			files = (
				18C9F5AC1827619100ADBEC4 /* SinglePoster.m in Sources */,
				18390601182D8B5900D1A367 /* NewFeedCell.m in Sources */,
				1851B6A218459C88001D660F /* CharacterFace.m in Sources */,
				20828F0D1851AB040078F894 /* FPSCalculator.mm in Sources */,
				207944F917FA254F00D4882F /* MainViewController.m in Sources */,
				207944F017FA254F00D4882F /* AppDelegate.m in Sources */,
				18554305183F099B00AA45E5 /* CommentViewController.m in Sources */,
				181A3D861825D8C1001B2781 /* CharaterSelectionViewController.m in Sources */,
				20828F181851AB250078F894 /* UIImage2OpenCV.mm in Sources */,
				1846A97618369C8200C4796C /* IntroductionViewController.m in Sources */,
				20828F191851AB250078F894 /* VideoSource.mm in Sources */,
				889E1BA3184C306A005438F1 /* UserFaceEntity.m in Sources */,
				20828F0E1851AB040078F894 /* GLESImageView.mm in Sources */,
				889E1BA0184C2420005438F1 /* NewsFeedEntity.m in Sources */,
				20828F371851F2840078F894 /* LoginViewController.m in Sources */,
				18E1C5BC1841684600599B07 /* ImageRoundCorner.m in Sources */,
				183B640B18447C37009CA666 /* PosterEntity.m in Sources */,
				20828F0C1851AB040078F894 /* DummyVideoSource.mm in Sources */,
				20828F1A1851AB250078F894 /* CameraViewController.mm in Sources */,
				18554308183F259300AA45E5 /* ProfileViewController.m in Sources */,
				20828F171851AB250078F894 /* NSString+StdString.mm in Sources */,
				20828F031851AAC30078F894 /* cvneon.cpp in Sources */,
				180C67AF1827426A00747186 /* PosterCell.m in Sources */,
				207944EC17FA254F00D4882F /* main.m in Sources */,
				20828F441851F29D0078F894 /* UserProfile.m in Sources */,
				20828F041851AAC30078F894 /* Globals.cpp in Sources */,
				1846A97918369D4000C4796C /* IntroChildViewController.m in Sources */,
				181A3D891825D945001B2781 /* PosterSelectionViewController.m in Sources */,
				1858C23E1835597800F8B85E /* ShareViewController.m in Sources */,
				18170AFD18397F380033E4BC /* SelectPhotoViewController.m in Sources */,
				181A3D831825D83E001B2781 /* MenuViewController.m in Sources */,
			);
			runOnlyForDeploymentPostprocessing = 0;
		};
		207944FC17FA254F00D4882F /* Sources */ = {
			isa = PBXSourcesBuildPhase;
			buildActionMask = 2147483647;
			files = (
				2079450E17FA254F00D4882F /* FaceMe_iOSTests.m in Sources */,
			);
			runOnlyForDeploymentPostprocessing = 0;
		};
/* End PBXSourcesBuildPhase section */

/* Begin PBXTargetDependency section */
		2079450617FA254F00D4882F /* PBXTargetDependency */ = {
			isa = PBXTargetDependency;
			target = 207944DB17FA254F00D4882F /* FaceMe_iOS */;
			targetProxy = 2079450517FA254F00D4882F /* PBXContainerItemProxy */;
		};
/* End PBXTargetDependency section */

/* Begin PBXVariantGroup section */
		207944E817FA254F00D4882F /* InfoPlist.strings */ = {
			isa = PBXVariantGroup;
			children = (
				207944E917FA254F00D4882F /* en */,
			);
			name = InfoPlist.strings;
			sourceTree = "<group>";
		};
		207944F417FA254F00D4882F /* Main_iPad.storyboard */ = {
			isa = PBXVariantGroup;
			children = (
				207944F517FA254F00D4882F /* Base */,
			);
			name = Main_iPad.storyboard;
			sourceTree = "<group>";
		};
		2079450A17FA254F00D4882F /* InfoPlist.strings */ = {
			isa = PBXVariantGroup;
			children = (
				2079450B17FA254F00D4882F /* en */,
			);
			name = InfoPlist.strings;
			sourceTree = "<group>";
		};
/* End PBXVariantGroup section */

/* Begin XCBuildConfiguration section */
		2079450F17FA254F00D4882F /* Debug */ = {
			isa = XCBuildConfiguration;
			buildSettings = {
				ALWAYS_SEARCH_USER_PATHS = NO;
				ARCHS = "$(ARCHS_STANDARD_INCLUDING_64_BIT)";
				CLANG_CXX_LANGUAGE_STANDARD = "gnu++0x";
				CLANG_CXX_LIBRARY = "libc++";
				CLANG_ENABLE_MODULES = YES;
				CLANG_ENABLE_OBJC_ARC = YES;
				CLANG_WARN_BOOL_CONVERSION = YES;
				CLANG_WARN_CONSTANT_CONVERSION = YES;
				CLANG_WARN_DIRECT_OBJC_ISA_USAGE = YES_ERROR;
				CLANG_WARN_EMPTY_BODY = YES;
				CLANG_WARN_ENUM_CONVERSION = YES;
				CLANG_WARN_INT_CONVERSION = YES;
				CLANG_WARN_OBJC_ROOT_CLASS = YES_ERROR;
				CLANG_WARN__DUPLICATE_METHOD_MATCH = YES;
				"CODE_SIGN_IDENTITY[sdk=iphoneos*]" = "iPhone Developer";
				COPY_PHASE_STRIP = NO;
				GCC_C_LANGUAGE_STANDARD = gnu99;
				GCC_DYNAMIC_NO_PIC = NO;
				GCC_OPTIMIZATION_LEVEL = 0;
				GCC_PREPROCESSOR_DEFINITIONS = (
					"DEBUG=1",
					"$(inherited)",
				);
				GCC_SYMBOLS_PRIVATE_EXTERN = NO;
				GCC_WARN_64_TO_32_BIT_CONVERSION = YES;
				GCC_WARN_ABOUT_RETURN_TYPE = YES_ERROR;
				GCC_WARN_UNDECLARED_SELECTOR = YES;
				GCC_WARN_UNINITIALIZED_AUTOS = YES;
				GCC_WARN_UNUSED_FUNCTION = YES;
				GCC_WARN_UNUSED_VARIABLE = YES;
				IPHONEOS_DEPLOYMENT_TARGET = 7.0;
				ONLY_ACTIVE_ARCH = YES;
				SDKROOT = iphoneos;
				TARGETED_DEVICE_FAMILY = "1,2";
			};
			name = Debug;
		};
		2079451017FA254F00D4882F /* Release */ = {
			isa = XCBuildConfiguration;
			buildSettings = {
				ALWAYS_SEARCH_USER_PATHS = NO;
				ARCHS = "$(ARCHS_STANDARD_INCLUDING_64_BIT)";
				CLANG_CXX_LANGUAGE_STANDARD = "gnu++0x";
				CLANG_CXX_LIBRARY = "libc++";
				CLANG_ENABLE_MODULES = YES;
				CLANG_ENABLE_OBJC_ARC = YES;
				CLANG_WARN_BOOL_CONVERSION = YES;
				CLANG_WARN_CONSTANT_CONVERSION = YES;
				CLANG_WARN_DIRECT_OBJC_ISA_USAGE = YES_ERROR;
				CLANG_WARN_EMPTY_BODY = YES;
				CLANG_WARN_ENUM_CONVERSION = YES;
				CLANG_WARN_INT_CONVERSION = YES;
				CLANG_WARN_OBJC_ROOT_CLASS = YES_ERROR;
				CLANG_WARN__DUPLICATE_METHOD_MATCH = YES;
				"CODE_SIGN_IDENTITY[sdk=iphoneos*]" = "iPhone Developer";
				COPY_PHASE_STRIP = YES;
				ENABLE_NS_ASSERTIONS = NO;
				GCC_C_LANGUAGE_STANDARD = gnu99;
				GCC_WARN_64_TO_32_BIT_CONVERSION = YES;
				GCC_WARN_ABOUT_RETURN_TYPE = YES_ERROR;
				GCC_WARN_UNDECLARED_SELECTOR = YES;
				GCC_WARN_UNINITIALIZED_AUTOS = YES;
				GCC_WARN_UNUSED_FUNCTION = YES;
				GCC_WARN_UNUSED_VARIABLE = YES;
				IPHONEOS_DEPLOYMENT_TARGET = 7.0;
				SDKROOT = iphoneos;
				TARGETED_DEVICE_FAMILY = "1,2";
				VALIDATE_PRODUCT = YES;
			};
			name = Release;
		};
		2079451217FA254F00D4882F /* Debug */ = {
			isa = XCBuildConfiguration;
			buildSettings = {
				ASSETCATALOG_COMPILER_APPICON_NAME = AppIcon;
				ASSETCATALOG_COMPILER_LAUNCHIMAGE_NAME = LaunchImage;
				FRAMEWORK_SEARCH_PATHS = (
					"$(inherited)",
					/Users/apple/Documents/FaceMe/FaceMe_iOS,
					/Users/imac/Desktop/FaceMe/FaceMe_iOS,
					/Users/shawnwu/Desktop/FaceMe/FaceMe_iOS,
					/Users/bopang/repos/FaceMe/FaceMe_iOS,
					/Users/bopang/repos,
				);
				GCC_PRECOMPILE_PREFIX_HEADER = YES;
				GCC_PREFIX_HEADER = "FaceMe_iOS/FaceMe_iOS-Prefix.pch";
				INFOPLIST_FILE = "FaceMe_iOS/FaceMe_iOS-Info.plist";
				PRODUCT_NAME = "$(TARGET_NAME)";
				WRAPPER_EXTENSION = app;
			};
			name = Debug;
		};
		2079451317FA254F00D4882F /* Release */ = {
			isa = XCBuildConfiguration;
			buildSettings = {
				ASSETCATALOG_COMPILER_APPICON_NAME = AppIcon;
				ASSETCATALOG_COMPILER_LAUNCHIMAGE_NAME = LaunchImage;
				FRAMEWORK_SEARCH_PATHS = (
					"$(inherited)",
					/Users/apple/Documents/FaceMe/FaceMe_iOS,
					/Users/imac/Desktop/FaceMe/FaceMe_iOS,
					/Users/shawnwu/Desktop/FaceMe/FaceMe_iOS,
					/Users/bopang/repos/FaceMe/FaceMe_iOS,
					/Users/bopang/repos,
				);
				GCC_PRECOMPILE_PREFIX_HEADER = YES;
				GCC_PREFIX_HEADER = "FaceMe_iOS/FaceMe_iOS-Prefix.pch";
				INFOPLIST_FILE = "FaceMe_iOS/FaceMe_iOS-Info.plist";
				PRODUCT_NAME = "$(TARGET_NAME)";
				WRAPPER_EXTENSION = app;
			};
			name = Release;
		};
		2079451517FA254F00D4882F /* Debug */ = {
			isa = XCBuildConfiguration;
			buildSettings = {
				ARCHS = "$(ARCHS_STANDARD_INCLUDING_64_BIT)";
				BUNDLE_LOADER = "$(BUILT_PRODUCTS_DIR)/FaceMe_iOS.app/FaceMe_iOS";
				FRAMEWORK_SEARCH_PATHS = (
					"$(SDKROOT)/Developer/Library/Frameworks",
					"$(inherited)",
					"$(DEVELOPER_FRAMEWORKS_DIR)",
				);
				GCC_PRECOMPILE_PREFIX_HEADER = YES;
				GCC_PREFIX_HEADER = "FaceMe_iOS/FaceMe_iOS-Prefix.pch";
				GCC_PREPROCESSOR_DEFINITIONS = (
					"DEBUG=1",
					"$(inherited)",
				);
				INFOPLIST_FILE = "FaceMe_iOSTests/FaceMe_iOSTests-Info.plist";
				PRODUCT_NAME = "$(TARGET_NAME)";
				TEST_HOST = "$(BUNDLE_LOADER)";
				WRAPPER_EXTENSION = xctest;
			};
			name = Debug;
		};
		2079451617FA254F00D4882F /* Release */ = {
			isa = XCBuildConfiguration;
			buildSettings = {
				ARCHS = "$(ARCHS_STANDARD_INCLUDING_64_BIT)";
				BUNDLE_LOADER = "$(BUILT_PRODUCTS_DIR)/FaceMe_iOS.app/FaceMe_iOS";
				FRAMEWORK_SEARCH_PATHS = (
					"$(SDKROOT)/Developer/Library/Frameworks",
					"$(inherited)",
					"$(DEVELOPER_FRAMEWORKS_DIR)",
				);
				GCC_PRECOMPILE_PREFIX_HEADER = YES;
				GCC_PREFIX_HEADER = "FaceMe_iOS/FaceMe_iOS-Prefix.pch";
				INFOPLIST_FILE = "FaceMe_iOSTests/FaceMe_iOSTests-Info.plist";
				PRODUCT_NAME = "$(TARGET_NAME)";
				TEST_HOST = "$(BUNDLE_LOADER)";
				WRAPPER_EXTENSION = xctest;
			};
			name = Release;
		};
/* End XCBuildConfiguration section */

/* Begin XCConfigurationList section */
		207944D717FA254F00D4882F /* Build configuration list for PBXProject "FaceMe_iOS" */ = {
			isa = XCConfigurationList;
			buildConfigurations = (
				2079450F17FA254F00D4882F /* Debug */,
				2079451017FA254F00D4882F /* Release */,
			);
			defaultConfigurationIsVisible = 0;
			defaultConfigurationName = Release;
		};
		2079451117FA254F00D4882F /* Build configuration list for PBXNativeTarget "FaceMe_iOS" */ = {
			isa = XCConfigurationList;
			buildConfigurations = (
				2079451217FA254F00D4882F /* Debug */,
				2079451317FA254F00D4882F /* Release */,
			);
			defaultConfigurationIsVisible = 0;
			defaultConfigurationName = Release;
		};
		2079451417FA254F00D4882F /* Build configuration list for PBXNativeTarget "FaceMe_iOSTests" */ = {
			isa = XCConfigurationList;
			buildConfigurations = (
				2079451517FA254F00D4882F /* Debug */,
				2079451617FA254F00D4882F /* Release */,
			);
			defaultConfigurationIsVisible = 0;
			defaultConfigurationName = Release;
		};
/* End XCConfigurationList section */
	};
	rootObject = 207944D417FA254F00D4882F /* Project object */;
}
